// !$*UTF8*$!
{
	archiveVersion = 1;
	classes = {
	};
	objectVersion = 46;
	objects = {

/* Begin PBXBuildFile section */
		B62DD5B71E0980E3004E46CD /* Background.cpp in Sources */ = {isa = PBXBuildFile; fileRef = B62DD5AE1E0980E3004E46CD /* Background.cpp */; };
		B62DD5B81E0980E3004E46CD /* LTexture.cpp in Sources */ = {isa = PBXBuildFile; fileRef = B62DD5B01E0980E3004E46CD /* LTexture.cpp */; };
		B62DD5B91E0980E3004E46CD /* main.cpp in Sources */ = {isa = PBXBuildFile; fileRef = B62DD5B21E0980E3004E46CD /* main.cpp */; };
		B62DD5BA1E0980E3004E46CD /* Player.cpp in Sources */ = {isa = PBXBuildFile; fileRef = B62DD5B31E0980E3004E46CD /* Player.cpp */; };
		B62DD5BB1E0980E3004E46CD /* Star.cpp in Sources */ = {isa = PBXBuildFile; fileRef = B62DD5B51E0980E3004E46CD /* Star.cpp */; };
		B6D0D96C1DE995800072486D /* OpenGL.framework in Frameworks */ = {isa = PBXBuildFile; fileRef = B6D0D96B1DE995800072486D /* OpenGL.framework */; };
		B6D0D96F1DE995920072486D /* SDL2_image.framework in Frameworks */ = {isa = PBXBuildFile; fileRef = B6D0D96D1DE995920072486D /* SDL2_image.framework */; };
		B6D0D9701DE995920072486D /* SDL2.framework in Frameworks */ = {isa = PBXBuildFile; fileRef = B6D0D96E1DE995920072486D /* SDL2.framework */; };
/* End PBXBuildFile section */

/* Begin PBXCopyFilesBuildPhase section */
		B6D0D95A1DE994D20072486D /* CopyFiles */ = {
			isa = PBXCopyFilesBuildPhase;
			buildActionMask = 2147483647;
			dstPath = /usr/share/man/man1/;
			dstSubfolderSpec = 0;
			files = (
			);
			runOnlyForDeploymentPostprocessing = 1;
		};
/* End PBXCopyFilesBuildPhase section */

/* Begin PBXFileReference section */
		B62DD5A01E0980E3004E46CD /* background.jpg */ = {isa = PBXFileReference; lastKnownFileType = image.jpeg; path = background.jpg; sourceTree = "<group>"; };
		B62DD5A11E0980E3004E46CD /* Demo.png */ = {isa = PBXFileReference; lastKnownFileType = image.png; path = Demo.png; sourceTree = "<group>"; };
		B62DD5A31E0980E3004E46CD /* 1.png */ = {isa = PBXFileReference; lastKnownFileType = image.png; path = 1.png; sourceTree = "<group>"; };
		B62DD5A41E0980E3004E46CD /* 2.png */ = {isa = PBXFileReference; lastKnownFileType = image.png; path = 2.png; sourceTree = "<group>"; };
		B62DD5A51E0980E3004E46CD /* 3.png */ = {isa = PBXFileReference; lastKnownFileType = image.png; path = 3.png; sourceTree = "<group>"; };
		B62DD5A61E0980E3004E46CD /* 4.png */ = {isa = PBXFileReference; lastKnownFileType = image.png; path = 4.png; sourceTree = "<group>"; };
		B62DD5A71E0980E3004E46CD /* 5.png */ = {isa = PBXFileReference; lastKnownFileType = image.png; path = 5.png; sourceTree = "<group>"; };
		B62DD5A81E0980E3004E46CD /* 6.png */ = {isa = PBXFileReference; lastKnownFileType = image.png; path = 6.png; sourceTree = "<group>"; };
		B62DD5A91E0980E3004E46CD /* 7.png */ = {isa = PBXFileReference; lastKnownFileType = image.png; path = 7.png; sourceTree = "<group>"; };
		B62DD5AA1E0980E3004E46CD /* 8.png */ = {isa = PBXFileReference; lastKnownFileType = image.png; path = 8.png; sourceTree = "<group>"; };
		B62DD5AB1E0980E3004E46CD /* scroll_background.png */ = {isa = PBXFileReference; lastKnownFileType = image.png; path = scroll_background.png; sourceTree = "<group>"; };
		B62DD5AC1E0980E3004E46CD /* star.png */ = {isa = PBXFileReference; lastKnownFileType = image.png; path = star.png; sourceTree = "<group>"; };
		B62DD5AE1E0980E3004E46CD /* Background.cpp */ = {isa = PBXFileReference; fileEncoding = 4; lastKnownFileType = sourcecode.cpp.cpp; path = Background.cpp; sourceTree = "<group>"; };
		B62DD5AF1E0980E3004E46CD /* Background.hpp */ = {isa = PBXFileReference; fileEncoding = 4; lastKnownFileType = sourcecode.cpp.h; path = Background.hpp; sourceTree = "<group>"; };
		B62DD5B01E0980E3004E46CD /* LTexture.cpp */ = {isa = PBXFileReference; fileEncoding = 4; lastKnownFileType = sourcecode.cpp.cpp; path = LTexture.cpp; sourceTree = "<group>"; };
		B62DD5B11E0980E3004E46CD /* LTexture.hpp */ = {isa = PBXFileReference; fileEncoding = 4; lastKnownFileType = sourcecode.cpp.h; path = LTexture.hpp; sourceTree = "<group>"; };
		B62DD5B21E0980E3004E46CD /* main.cpp */ = {isa = PBXFileReference; fileEncoding = 4; lastKnownFileType = sourcecode.cpp.cpp; path = main.cpp; sourceTree = "<group>"; };
		B62DD5B31E0980E3004E46CD /* Player.cpp */ = {isa = PBXFileReference; fileEncoding = 4; lastKnownFileType = sourcecode.cpp.cpp; path = Player.cpp; sourceTree = "<group>"; };
		B62DD5B41E0980E3004E46CD /* Player.hpp */ = {isa = PBXFileReference; fileEncoding = 4; lastKnownFileType = sourcecode.cpp.h; path = Player.hpp; sourceTree = "<group>"; };
		B62DD5B51E0980E3004E46CD /* Star.cpp */ = {isa = PBXFileReference; fileEncoding = 4; lastKnownFileType = sourcecode.cpp.cpp; path = Star.cpp; sourceTree = "<group>"; };
		B62DD5B61E0980E3004E46CD /* Star.hpp */ = {isa = PBXFileReference; fileEncoding = 4; lastKnownFileType = sourcecode.cpp.h; path = Star.hpp; sourceTree = "<group>"; };
		B6D0D95C1DE994D20072486D /* PlatformGameDemo */ = {isa = PBXFileReference; explicitFileType = "compiled.mach-o.executable"; includeInIndex = 0; path = PlatformGameDemo; sourceTree = BUILT_PRODUCTS_DIR; };
		B6D0D96B1DE995800072486D /* OpenGL.framework */ = {isa = PBXFileReference; lastKnownFileType = wrapper.framework; name = OpenGL.framework; path = System/Library/Frameworks/OpenGL.framework; sourceTree = SDKROOT; };
		B6D0D96D1DE995920072486D /* SDL2_image.framework */ = {isa = PBXFileReference; lastKnownFileType = wrapper.framework; name = SDL2_image.framework; path = ../../../../../Library/Frameworks/SDL2_image.framework; sourceTree = "<group>"; };
		B6D0D96E1DE995920072486D /* SDL2.framework */ = {isa = PBXFileReference; lastKnownFileType = wrapper.framework; name = SDL2.framework; path = ../../../../../Library/Frameworks/SDL2.framework; sourceTree = "<group>"; };
/* End PBXFileReference section */

/* Begin PBXFrameworksBuildPhase section */
		B6D0D9591DE994D20072486D /* Frameworks */ = {
			isa = PBXFrameworksBuildPhase;
			buildActionMask = 2147483647;
			files = (
				B6D0D96F1DE995920072486D /* SDL2_image.framework in Frameworks */,
				B6D0D9701DE995920072486D /* SDL2.framework in Frameworks */,
				B6D0D96C1DE995800072486D /* OpenGL.framework in Frameworks */,
			);
			runOnlyForDeploymentPostprocessing = 0;
		};
/* End PBXFrameworksBuildPhase section */

/* Begin PBXGroup section */
		B62DD59F1E0980E3004E46CD /* img */ = {
			isa = PBXGroup;
			children = (
				B62DD5A21E0980E3004E46CD /* player */,
				B62DD5A01E0980E3004E46CD /* background.jpg */,
				B62DD5A11E0980E3004E46CD /* Demo.png */,
				B62DD5AB1E0980E3004E46CD /* scroll_background.png */,
				B62DD5AC1E0980E3004E46CD /* star.png */,
			);
			path = img;
			sourceTree = "<group>";
		};
		B62DD5A21E0980E3004E46CD /* player */ = {
			isa = PBXGroup;
			children = (
				B62DD5A31E0980E3004E46CD /* 1.png */,
				B62DD5A41E0980E3004E46CD /* 2.png */,
				B62DD5A51E0980E3004E46CD /* 3.png */,
				B62DD5A61E0980E3004E46CD /* 4.png */,
				B62DD5A71E0980E3004E46CD /* 5.png */,
				B62DD5A81E0980E3004E46CD /* 6.png */,
				B62DD5A91E0980E3004E46CD /* 7.png */,
				B62DD5AA1E0980E3004E46CD /* 8.png */,
			);
			path = player;
			sourceTree = "<group>";
		};
		B62DD5AD1E0980E3004E46CD /* src */ = {
			isa = PBXGroup;
			children = (
				B62DD5AE1E0980E3004E46CD /* Background.cpp */,
				B62DD5AF1E0980E3004E46CD /* Background.hpp */,
				B62DD5B01E0980E3004E46CD /* LTexture.cpp */,
				B62DD5B11E0980E3004E46CD /* LTexture.hpp */,
				B62DD5B21E0980E3004E46CD /* main.cpp */,
				B62DD5B31E0980E3004E46CD /* Player.cpp */,
				B62DD5B41E0980E3004E46CD /* Player.hpp */,
				B62DD5B51E0980E3004E46CD /* Star.cpp */,
				B62DD5B61E0980E3004E46CD /* Star.hpp */,
			);
			path = src;
			sourceTree = "<group>";
		};
		B6D0D9531DE994D20072486D = {
			isa = PBXGroup;
			children = (
				B6D0D96D1DE995920072486D /* SDL2_image.framework */,
				B6D0D96E1DE995920072486D /* SDL2.framework */,
				B6D0D96B1DE995800072486D /* OpenGL.framework */,
				B62DD59F1E0980E3004E46CD /* img */,
				B62DD5AD1E0980E3004E46CD /* src */,
				B6D0D95D1DE994D20072486D /* Products */,
			);
			sourceTree = "<group>";
		};
		B6D0D95D1DE994D20072486D /* Products */ = {
			isa = PBXGroup;
			children = (
				B6D0D95C1DE994D20072486D /* PlatformGameDemo */,
			);
			name = Products;
			sourceTree = "<group>";
		};
/* End PBXGroup section */

/* Begin PBXNativeTarget section */
		B6D0D95B1DE994D20072486D /* PlatformGameDemo */ = {
			isa = PBXNativeTarget;
			buildConfigurationList = B6D0D9631DE994D20072486D /* Build configuration list for PBXNativeTarget "PlatformGameDemo" */;
			buildPhases = (
				B6D0D9581DE994D20072486D /* Sources */,
				B6D0D9591DE994D20072486D /* Frameworks */,
				B6D0D95A1DE994D20072486D /* CopyFiles */,
			);
			buildRules = (
			);
			dependencies = (
			);
			name = PlatformGameDemo;
			productName = PlatformGameDemo;
			productReference = B6D0D95C1DE994D20072486D /* PlatformGameDemo */;
			productType = "com.apple.product-type.tool";
		};
/* End PBXNativeTarget section */

/* Begin PBXProject section */
		B6D0D9541DE994D20072486D /* Project object */ = {
			isa = PBXProject;
			attributes = {
				LastUpgradeCheck = 0710;
				ORGANIZATIONNAME = "Kelvin Hu";
				TargetAttributes = {
					B6D0D95B1DE994D20072486D = {
						CreatedOnToolsVersion = 7.1;
					};
				};
			};
			buildConfigurationList = B6D0D9571DE994D20072486D /* Build configuration list for PBXProject "PlatformGameDemo" */;
			compatibilityVersion = "Xcode 3.2";
			developmentRegion = English;
			hasScannedForEncodings = 0;
			knownRegions = (
				en,
			);
			mainGroup = B6D0D9531DE994D20072486D;
			productRefGroup = B6D0D95D1DE994D20072486D /* Products */;
			projectDirPath = "";
			projectRoot = "";
			targets = (
				B6D0D95B1DE994D20072486D /* PlatformGameDemo */,
			);
		};
/* End PBXProject section */

/* Begin PBXSourcesBuildPhase section */
		B6D0D9581DE994D20072486D /* Sources */ = {
			isa = PBXSourcesBuildPhase;
			buildActionMask = 2147483647;
			files = (
				B62DD5BA1E0980E3004E46CD /* Player.cpp in Sources */,
				B62DD5B81E0980E3004E46CD /* LTexture.cpp in Sources */,
				B62DD5B71E0980E3004E46CD /* Background.cpp in Sources */,
				B62DD5B91E0980E3004E46CD /* main.cpp in Sources */,
				B62DD5BB1E0980E3004E46CD /* Star.cpp in Sources */,
			);
			runOnlyForDeploymentPostprocessing = 0;
		};
/* End PBXSourcesBuildPhase section */

/* Begin XCBuildConfiguration section */
		B6D0D9611DE994D20072486D /* Debug */ = {
			isa = XCBuildConfiguration;
			buildSettings = {
				ALWAYS_SEARCH_USER_PATHS = NO;
				CLANG_CXX_LANGUAGE_STANDARD = "gnu++0x";
				CLANG_CXX_LIBRARY = "libc++";
				CLANG_ENABLE_MODULES = YES;
				CLANG_ENABLE_OBJC_ARC = YES;
				CLANG_WARN_BOOL_CONVERSION = YES;
				CLANG_WARN_CONSTANT_CONVERSION = YES;
				CLANG_WARN_DIRECT_OBJC_ISA_USAGE = YES_ERROR;
				CLANG_WARN_EMPTY_BODY = YES;
				CLANG_WARN_ENUM_CONVERSION = YES;
				CLANG_WARN_INT_CONVERSION = YES;
				CLANG_WARN_OBJC_ROOT_CLASS = YES_ERROR;
				CLANG_WARN_UNREACHABLE_CODE = YES;
				CLANG_WARN__DUPLICATE_METHOD_MATCH = YES;
				CODE_SIGN_IDENTITY = "-";
				COPY_PHASE_STRIP = NO;
				DEBUG_INFORMATION_FORMAT = dwarf;
				ENABLE_STRICT_OBJC_MSGSEND = YES;
				ENABLE_TESTABILITY = YES;
				GCC_C_LANGUAGE_STANDARD = gnu99;
				GCC_DYNAMIC_NO_PIC = NO;
				GCC_NO_COMMON_BLOCKS = YES;
				GCC_OPTIMIZATION_LEVEL = 0;
				GCC_PREPROCESSOR_DEFINITIONS = (
					"DEBUG=1",
					"$(inherited)",
				);
				GCC_WARN_64_TO_32_BIT_CONVERSION = YES;
				GCC_WARN_ABOUT_RETURN_TYPE = YES_ERROR;
				GCC_WARN_UNDECLARED_SELECTOR = YES;
				GCC_WARN_UNINITIALIZED_AUTOS = YES_AGGRESSIVE;
				GCC_WARN_UNUSED_FUNCTION = YES;
				GCC_WARN_UNUSED_VARIABLE = YES;
				MACOSX_DEPLOYMENT_TARGET = 10.12;
				MTL_ENABLE_DEBUG_INFO = YES;
				ONLY_ACTIVE_ARCH = YES;
				SDKROOT = macosx;
			};
			name = Debug;
		};
		B6D0D9621DE994D20072486D /* Release */ = {
			isa = XCBuildConfiguration;
			buildSettings = {
				ALWAYS_SEARCH_USER_PATHS = NO;
				CLANG_CXX_LANGUAGE_STANDARD = "gnu++0x";
				CLANG_CXX_LIBRARY = "libc++";
				CLANG_ENABLE_MODULES = YES;
				CLANG_ENABLE_OBJC_ARC = YES;
				CLANG_WARN_BOOL_CONVERSION = YES;
				CLANG_WARN_CONSTANT_CONVERSION = YES;
				CLANG_WARN_DIRECT_OBJC_ISA_USAGE = YES_ERROR;
				CLANG_WARN_EMPTY_BODY = YES;
				CLANG_WARN_ENUM_CONVERSION = YES;
				CLANG_WARN_INT_CONVERSION = YES;
				CLANG_WARN_OBJC_ROOT_CLASS = YES_ERROR;
				CLANG_WARN_UNREACHABLE_CODE = YES;
				CLANG_WARN__DUPLICATE_METHOD_MATCH = YES;
				CODE_SIGN_IDENTITY = "-";
				COPY_PHASE_STRIP = NO;
				DEBUG_INFORMATION_FORMAT = "dwarf-with-dsym";
				ENABLE_NS_ASSERTIONS = NO;
				ENABLE_STRICT_OBJC_MSGSEND = YES;
				GCC_C_LANGUAGE_STANDARD = gnu99;
				GCC_NO_COMMON_BLOCKS = YES;
				GCC_WARN_64_TO_32_BIT_CONVERSION = YES;
				GCC_WARN_ABOUT_RETURN_TYPE = YES_ERROR;
				GCC_WARN_UNDECLARED_SELECTOR = YES;
				GCC_WARN_UNINITIALIZED_AUTOS = YES_AGGRESSIVE;
				GCC_WARN_UNUSED_FUNCTION = YES;
				GCC_WARN_UNUSED_VARIABLE = YES;
				MACOSX_DEPLOYMENT_TARGET = 10.12;
				MTL_ENABLE_DEBUG_INFO = NO;
				SDKROOT = macosx;
			};
			name = Release;
		};
		B6D0D9641DE994D20072486D /* Debug */ = {
			isa = XCBuildConfiguration;
			buildSettings = {
				FRAMEWORK_SEARCH_PATHS = (
					"$(inherited)",
					"$(LOCAL_LIBRARY_DIR)/Frameworks",
				);
				PRODUCT_NAME = "$(TARGET_NAME)";
			};
			name = Debug;
		};
		B6D0D9651DE994D20072486D /* Release */ = {
			isa = XCBuildConfiguration;
			buildSettings = {
				FRAMEWORK_SEARCH_PATHS = (
					"$(inherited)",
					"$(LOCAL_LIBRARY_DIR)/Frameworks",
				);
				PRODUCT_NAME = "$(TARGET_NAME)";
			};
			name = Release;
		};
/* End XCBuildConfiguration section */

/* Begin XCConfigurationList section */
		B6D0D9571DE994D20072486D /* Build configuration list for PBXProject "PlatformGameDemo" */ = {
			isa = XCConfigurationList;
			buildConfigurations = (
				B6D0D9611DE994D20072486D /* Debug */,
				B6D0D9621DE994D20072486D /* Release */,
			);
			defaultConfigurationIsVisible = 0;
			defaultConfigurationName = Release;
		};
		B6D0D9631DE994D20072486D /* Build configuration list for PBXNativeTarget "PlatformGameDemo" */ = {
			isa = XCConfigurationList;
			buildConfigurations = (
				B6D0D9641DE994D20072486D /* Debug */,
				B6D0D9651DE994D20072486D /* Release */,
			);
			defaultConfigurationIsVisible = 0;
			defaultConfigurationName = Release;
		};
/* End XCConfigurationList section */
	};
	rootObject = B6D0D9541DE994D20072486D /* Project object */;
}
